
Microsoft Visual Studio Solution File, Format Version 12.00
# Visual Studio 15
VisualStudioVersion = 15.0.27703.2035
MinimumVisualStudioVersion = 10.0.40219.1
Project("{FAE04EC0-301F-11D3-BF4B-00C04F79EFBC}") = "Diena6", "Diena6\Diena6.csproj", "{70F12E5F-9463-4FFC-8EB4-3D8BE9D0E947}"
EndProject
Global
	GlobalSection(SolutionConfigurationPlatforms) = preSolution
		Debug|Any CPU = Debug|Any CPU
		Release|Any CPU = Release|Any CPU
	EndGlobalSection
	GlobalSection(ProjectConfigurationPlatforms) = postSolution
		{70F12E5F-9463-4FFC-8EB4-3D8BE9D0E947}.Debug|Any CPU.ActiveCfg = Debug|Any CPU
		{70F12E5F-9463-4FFC-8EB4-3D8BE9D0E947}.Debug|Any CPU.Build.0 = Debug|Any CPU
		{70F12E5F-9463-4FFC-8EB4-3D8BE9D0E947}.Release|Any CPU.ActiveCfg = Release|Any CPU
		{70F12E5F-9463-4FFC-8EB4-3D8BE9D0E947}.Release|Any CPU.Build.0 = Release|Any CPU
	EndGlobalSection
	GlobalSection(SolutionProperties) = preSolution
		HideSolutionNode = FALSE
	EndGlobalSection
	GlobalSection(ExtensibilityGlobals) = postSolution
		SolutionGuid = {6440030D-EA01-4897-BE56-DF1DC5DF76AA}
	EndGlobalSection
EndGlobal
