
Microsoft Visual Studio Solution File, Format Version 12.00
# Visual Studio 15
VisualStudioVersion = 15.0.27703.2035
MinimumVisualStudioVersion = 10.0.40219.1
Project("{FAE04EC0-301F-11D3-BF4B-00C04F79EFBC}") = "Diena7", "Diena7\Diena7.csproj", "{F9EA8330-13F9-4991-8078-F5849062B748}"
EndProject
Global
	GlobalSection(SolutionConfigurationPlatforms) = preSolution
		Debug|Any CPU = Debug|Any CPU
		Release|Any CPU = Release|Any CPU
	EndGlobalSection
	GlobalSection(ProjectConfigurationPlatforms) = postSolution
		{F9EA8330-13F9-4991-8078-F5849062B748}.Debug|Any CPU.ActiveCfg = Debug|Any CPU
		{F9EA8330-13F9-4991-8078-F5849062B748}.Debug|Any CPU.Build.0 = Debug|Any CPU
		{F9EA8330-13F9-4991-8078-F5849062B748}.Release|Any CPU.ActiveCfg = Release|Any CPU
		{F9EA8330-13F9-4991-8078-F5849062B748}.Release|Any CPU.Build.0 = Release|Any CPU
	EndGlobalSection
	GlobalSection(SolutionProperties) = preSolution
		HideSolutionNode = FALSE
	EndGlobalSection
	GlobalSection(ExtensibilityGlobals) = postSolution
		SolutionGuid = {535DC669-295E-40EF-ACCE-228A605180A6}
	EndGlobalSection
EndGlobal
