
Microsoft Visual Studio Solution File, Format Version 12.00
# Visual Studio 15
VisualStudioVersion = 15.0.27703.2035
MinimumVisualStudioVersion = 10.0.40219.1
Project("{FAE04EC0-301F-11D3-BF4B-00C04F79EFBC}") = "Diena9", "Diena9\Diena9.csproj", "{F35DB392-07CA-4170-A1EE-43376611C173}"
EndProject
Global
	GlobalSection(SolutionConfigurationPlatforms) = preSolution
		Debug|Any CPU = Debug|Any CPU
		Release|Any CPU = Release|Any CPU
	EndGlobalSection
	GlobalSection(ProjectConfigurationPlatforms) = postSolution
		{F35DB392-07CA-4170-A1EE-43376611C173}.Debug|Any CPU.ActiveCfg = Debug|Any CPU
		{F35DB392-07CA-4170-A1EE-43376611C173}.Debug|Any CPU.Build.0 = Debug|Any CPU
		{F35DB392-07CA-4170-A1EE-43376611C173}.Release|Any CPU.ActiveCfg = Release|Any CPU
		{F35DB392-07CA-4170-A1EE-43376611C173}.Release|Any CPU.Build.0 = Release|Any CPU
	EndGlobalSection
	GlobalSection(SolutionProperties) = preSolution
		HideSolutionNode = FALSE
	EndGlobalSection
	GlobalSection(ExtensibilityGlobals) = postSolution
		SolutionGuid = {EF804977-AE4D-4ECB-99D5-8CAF5907847B}
	EndGlobalSection
EndGlobal
