
Microsoft Visual Studio Solution File, Format Version 12.00
# Visual Studio 15
VisualStudioVersion = 15.0.27703.2035
MinimumVisualStudioVersion = 10.0.40219.1
Project("{FAE04EC0-301F-11D3-BF4B-00C04F79EFBC}") = "Diena4", "Diena4\Diena4.csproj", "{7DB89D1F-07D4-45B6-B8CF-A9885B749653}"
EndProject
Global
	GlobalSection(SolutionConfigurationPlatforms) = preSolution
		Debug|Any CPU = Debug|Any CPU
		Release|Any CPU = Release|Any CPU
	EndGlobalSection
	GlobalSection(ProjectConfigurationPlatforms) = postSolution
		{7DB89D1F-07D4-45B6-B8CF-A9885B749653}.Debug|Any CPU.ActiveCfg = Debug|Any CPU
		{7DB89D1F-07D4-45B6-B8CF-A9885B749653}.Debug|Any CPU.Build.0 = Debug|Any CPU
		{7DB89D1F-07D4-45B6-B8CF-A9885B749653}.Release|Any CPU.ActiveCfg = Release|Any CPU
		{7DB89D1F-07D4-45B6-B8CF-A9885B749653}.Release|Any CPU.Build.0 = Release|Any CPU
	EndGlobalSection
	GlobalSection(SolutionProperties) = preSolution
		HideSolutionNode = FALSE
	EndGlobalSection
	GlobalSection(ExtensibilityGlobals) = postSolution
		SolutionGuid = {985DD3A6-8D88-4E91-8D8B-9266E23A88A4}
	EndGlobalSection
EndGlobal
