
Microsoft Visual Studio Solution File, Format Version 12.00
# Visual Studio 15
VisualStudioVersion = 15.0.27703.2035
MinimumVisualStudioVersion = 10.0.40219.1
Project("{FAE04EC0-301F-11D3-BF4B-00C04F79EFBC}") = "Diena2", "Diena2\Diena2.csproj", "{69FA5592-5EB4-4CA9-91AB-BB0F744F0240}"
EndProject
Global
	GlobalSection(SolutionConfigurationPlatforms) = preSolution
		Debug|Any CPU = Debug|Any CPU
		Release|Any CPU = Release|Any CPU
	EndGlobalSection
	GlobalSection(ProjectConfigurationPlatforms) = postSolution
		{69FA5592-5EB4-4CA9-91AB-BB0F744F0240}.Debug|Any CPU.ActiveCfg = Debug|Any CPU
		{69FA5592-5EB4-4CA9-91AB-BB0F744F0240}.Debug|Any CPU.Build.0 = Debug|Any CPU
		{69FA5592-5EB4-4CA9-91AB-BB0F744F0240}.Release|Any CPU.ActiveCfg = Release|Any CPU
		{69FA5592-5EB4-4CA9-91AB-BB0F744F0240}.Release|Any CPU.Build.0 = Release|Any CPU
	EndGlobalSection
	GlobalSection(SolutionProperties) = preSolution
		HideSolutionNode = FALSE
	EndGlobalSection
	GlobalSection(ExtensibilityGlobals) = postSolution
		SolutionGuid = {FE9B5A52-C082-422F-B3D1-7E8365017A1A}
	EndGlobalSection
EndGlobal
